// !$*UTF8*$!
{
	archiveVersion = 1;
	classes = {
	};
	objectVersion = 51;
	objects = {

/* Begin PBXBuildFile section */
		49314F5F4CF8EC19FC270279 /* Pods_NFTrack_Firebase4Tests.framework in Frameworks */ = {isa = PBXBuildFile; fileRef = 839241BF6F24156A30E120AF /* Pods_NFTrack_Firebase4Tests.framework */; };
		493BF9B5264AC18700B9C9D2 /* WalletGenerationController.swift in Sources */ = {isa = PBXBuildFile; fileRef = 493BF9B4264AC18700B9C9D2 /* WalletGenerationController.swift */; };
		493BF9BA264AC28E00B9C9D2 /* AppDataTypes.swift in Sources */ = {isa = PBXBuildFile; fileRef = 493BF9B9264AC28D00B9C9D2 /* AppDataTypes.swift */; };
		493BF9C0264B6CD000B9C9D2 /* BackgroundView.swift in Sources */ = {isa = PBXBuildFile; fileRef = 493BF9BF264B6CD000B9C9D2 /* BackgroundView.swift */; };
		493BF9C8264C166000B9C9D2 /* CreditCardView.swift in Sources */ = {isa = PBXBuildFile; fileRef = 493BF9C7264C166000B9C9D2 /* CreditCardView.swift */; };
		493BF9CD264C493200B9C9D2 /* WalletButtonView.swift in Sources */ = {isa = PBXBuildFile; fileRef = 493BF9CC264C493200B9C9D2 /* WalletButtonView.swift */; };
		493BF9D2264C4D3B00B9C9D2 /* SendViewController.swift in Sources */ = {isa = PBXBuildFile; fileRef = 493BF9D1264C4D3B00B9C9D2 /* SendViewController.swift */; };
		493BF9D7264C4DE100B9C9D2 /* BackgroundView2.swift in Sources */ = {isa = PBXBuildFile; fileRef = 493BF9D6264C4DE100B9C9D2 /* BackgroundView2.swift */; };
		493BF9DC264C515C00B9C9D2 /* TransactionService.swift in Sources */ = {isa = PBXBuildFile; fileRef = 493BF9DB264C515C00B9C9D2 /* TransactionService.swift */; };
		493BF9E4264C549D00B9C9D2 /* ScannerViewController.swift in Sources */ = {isa = PBXBuildFile; fileRef = 493BF9E3264C549D00B9C9D2 /* ScannerViewController.swift */; };
		493BF9E9264C657200B9C9D2 /* ReceiveViewController.swift in Sources */ = {isa = PBXBuildFile; fileRef = 493BF9E8264C657200B9C9D2 /* ReceiveViewController.swift */; };
		493BF9EE264C65FA00B9C9D2 /* BackgroundView3.swift in Sources */ = {isa = PBXBuildFile; fileRef = 493BF9ED264C65FA00B9C9D2 /* BackgroundView3.swift */; };
		493BF9F3264C6B4B00B9C9D2 /* PasswordResetViewController.swift in Sources */ = {isa = PBXBuildFile; fileRef = 493BF9F2264C6B4B00B9C9D2 /* PasswordResetViewController.swift */; };
		493BF9F8264C6ECF00B9C9D2 /* PresentationController.swift in Sources */ = {isa = PBXBuildFile; fileRef = 493BF9F7264C6ECF00B9C9D2 /* PresentationController.swift */; };
		493BF9FE264CDC0A00B9C9D2 /* ERC721PresetABI.swift in Sources */ = {isa = PBXBuildFile; fileRef = 493BF9FD264CDC0A00B9C9D2 /* ERC721PresetABI.swift */; };
		49409A75265946870060193C /* SearchResultsViewController.swift in Sources */ = {isa = PBXBuildFile; fileRef = 49409A74265946870060193C /* SearchResultsViewController.swift */; };
		49409A7A265949C80060193C /* MainViewController + ResultsUpdate.swift in Sources */ = {isa = PBXBuildFile; fileRef = 49409A79265949C80060193C /* MainViewController + ResultsUpdate.swift */; };
		4964E45C2641B001005B3268 /* AppDelegate.swift in Sources */ = {isa = PBXBuildFile; fileRef = 4964E45B2641B001005B3268 /* AppDelegate.swift */; };
		4964E45E2641B001005B3268 /* SceneDelegate.swift in Sources */ = {isa = PBXBuildFile; fileRef = 4964E45D2641B001005B3268 /* SceneDelegate.swift */; };
		4964E4602641B001005B3268 /* SignInViewController.swift in Sources */ = {isa = PBXBuildFile; fileRef = 4964E45F2641B001005B3268 /* SignInViewController.swift */; };
		4964E4632641B001005B3268 /* Main.storyboard in Resources */ = {isa = PBXBuildFile; fileRef = 4964E4612641B001005B3268 /* Main.storyboard */; };
		4964E4652641B006005B3268 /* Assets.xcassets in Resources */ = {isa = PBXBuildFile; fileRef = 4964E4642641B006005B3268 /* Assets.xcassets */; };
		4964E4682641B006005B3268 /* LaunchScreen.storyboard in Resources */ = {isa = PBXBuildFile; fileRef = 4964E4662641B006005B3268 /* LaunchScreen.storyboard */; };
		4964E4732641B007005B3268 /* NFTrack_Firebase4Tests.swift in Sources */ = {isa = PBXBuildFile; fileRef = 4964E4722641B007005B3268 /* NFTrack_Firebase4Tests.swift */; };
		4964E47E2641B007005B3268 /* NFTrack_Firebase4UITests.swift in Sources */ = {isa = PBXBuildFile; fileRef = 4964E47D2641B007005B3268 /* NFTrack_Firebase4UITests.swift */; };
		4964E4C12641E12A005B3268 /* BlurEffectContainerView.swift in Sources */ = {isa = PBXBuildFile; fileRef = 4964E4C02641E12A005B3268 /* BlurEffectContainerView.swift */; };
		4964E4CC26430BFB005B3268 /* SignUpViewController.swift in Sources */ = {isa = PBXBuildFile; fileRef = 4964E4CB26430BFB005B3268 /* SignUpViewController.swift */; };
		4964E4D226430FBE005B3268 /* AppExtensions.swift in Sources */ = {isa = PBXBuildFile; fileRef = 4964E4D126430FBE005B3268 /* AppExtensions.swift */; };
		4964E4E526436875005B3268 /* DissolveTransitionAnimator.swift in Sources */ = {isa = PBXBuildFile; fileRef = 4964E4E426436875005B3268 /* DissolveTransitionAnimator.swift */; };
		4964E4ED26445AED005B3268 /* AlertsView.swift in Sources */ = {isa = PBXBuildFile; fileRef = 4964E4EC26445AED005B3268 /* AlertsView.swift */; };
		4964E50026445EDB005B3268 /* DetailViewController.swift in Sources */ = {isa = PBXBuildFile; fileRef = 4964E4FF26445EDB005B3268 /* DetailViewController.swift */; };
		4964E5052644891B005B3268 /* AccountViewController.swift in Sources */ = {isa = PBXBuildFile; fileRef = 4964E5042644891B005B3268 /* AccountViewController.swift */; };
		4964E50A2644B07D005B3268 /* PostViewController.swift in Sources */ = {isa = PBXBuildFile; fileRef = 4964E5092644B07D005B3268 /* PostViewController.swift */; };
		4964E50F264767A6005B3268 /* ImagePreviewViewController.swift in Sources */ = {isa = PBXBuildFile; fileRef = 4964E50E264767A6005B3268 /* ImagePreviewViewController.swift */; };
		4964E516264777BF005B3268 /* ImageCell.swift in Sources */ = {isa = PBXBuildFile; fileRef = 4964E515264777BF005B3268 /* ImageCell.swift */; };
		4964E52126489564005B3268 /* BigPreviewViewController.swift in Sources */ = {isa = PBXBuildFile; fileRef = 4964E52026489564005B3268 /* BigPreviewViewController.swift */; };
		4964E5262648AB6A005B3268 /* ZoomAnimationController.swift in Sources */ = {isa = PBXBuildFile; fileRef = 4964E5252648AB6A005B3268 /* ZoomAnimationController.swift */; };
		4964E52C2648B096005B3268 /* MyPresentationController.swift in Sources */ = {isa = PBXBuildFile; fileRef = 4964E52B2648B096005B3268 /* MyPresentationController.swift */; };
		4964E5342648C68A005B3268 /* WalletViewController.swift in Sources */ = {isa = PBXBuildFile; fileRef = 4964E5332648C68A005B3268 /* WalletViewController.swift */; };
		4964E53B2648C940005B3268 /* CoreDataModel.xcdatamodeld in Sources */ = {isa = PBXBuildFile; fileRef = 4964E5392648C93F005B3268 /* CoreDataModel.xcdatamodeld */; };
		4964E55C2649645F005B3268 /* KeyWallet+CoreDataClass.swift in Sources */ = {isa = PBXBuildFile; fileRef = 4964E55A2649645F005B3268 /* KeyWallet+CoreDataClass.swift */; };
		4964E55D2649645F005B3268 /* KeyWallet+CoreDataProperties.swift in Sources */ = {isa = PBXBuildFile; fileRef = 4964E55B2649645F005B3268 /* KeyWallet+CoreDataProperties.swift */; };
		4964E56226496852005B3268 /* KeysService.swift in Sources */ = {isa = PBXBuildFile; fileRef = 4964E56126496852005B3268 /* KeysService.swift */; };
		4964E568264968A7005B3268 /* Errors.swift in Sources */ = {isa = PBXBuildFile; fileRef = 4964E567264968A7005B3268 /* Errors.swift */; };
		4964E56D2649694A005B3268 /* CoreDataServices.swift in Sources */ = {isa = PBXBuildFile; fileRef = 4964E56C2649694A005B3268 /* CoreDataServices.swift */; };
		4964E57226498541005B3268 /* Web3swiftService.swift in Sources */ = {isa = PBXBuildFile; fileRef = 4964E57126498541005B3268 /* Web3swiftService.swift */; };
		4964E57726499D74005B3268 /* RegisteredWalletViewController.swift in Sources */ = {isa = PBXBuildFile; fileRef = 4964E57626499D74005B3268 /* RegisteredWalletViewController.swift */; };
		4964E57C26499FBE005B3268 /* UnregisteredWalletViewController.swift in Sources */ = {isa = PBXBuildFile; fileRef = 4964E57B26499FBE005B3268 /* UnregisteredWalletViewController.swift */; };
		4964E5812649A047005B3268 /* AppProtocols.swift in Sources */ = {isa = PBXBuildFile; fileRef = 4964E5802649A047005B3268 /* AppProtocols.swift */; };
		4964E5862649A745005B3268 /* CreateWalletViewController.swift in Sources */ = {isa = PBXBuildFile; fileRef = 4964E5852649A745005B3268 /* CreateWalletViewController.swift */; };
		4964E58B2649A75A005B3268 /* ImportWalletViewController.swift in Sources */ = {isa = PBXBuildFile; fileRef = 4964E58A2649A75A005B3268 /* ImportWalletViewController.swift */; };
		4964E5902649B5CF005B3268 /* SinglePageViewController.swift in Sources */ = {isa = PBXBuildFile; fileRef = 4964E58F2649B5CE005B3268 /* SinglePageViewController.swift */; };
		4964E5952649B6FA005B3268 /* PageViewController.swift in Sources */ = {isa = PBXBuildFile; fileRef = 4964E5942649B6FA005B3268 /* PageViewController.swift */; };
		496D56B12659654A00C3E7FD /* CategoryCell.swift in Sources */ = {isa = PBXBuildFile; fileRef = 496D56B02659654A00C3E7FD /* CategoryCell.swift */; };
		496D56B62659E6F900C3E7FD /* MyDoneButtonVC.swift in Sources */ = {isa = PBXBuildFile; fileRef = 496D56B52659E6F900C3E7FD /* MyDoneButtonVC.swift */; };
		496D56BB2659E72100C3E7FD /* MyPickerViewController.swift in Sources */ = {isa = PBXBuildFile; fileRef = 496D56BA2659E72100C3E7FD /* MyPickerViewController.swift */; };
		496D56C02659E75D00C3E7FD /* PostParentViewController + Picker.swift in Sources */ = {isa = PBXBuildFile; fileRef = 496D56BF2659E75D00C3E7FD /* PostParentViewController + Picker.swift */; };
		496D56C52659FF2100C3E7FD /* MainDetailViewController.swift in Sources */ = {isa = PBXBuildFile; fileRef = 496D56C42659FF2100C3E7FD /* MainDetailViewController.swift */; };
		496D56CA265A0BD700C3E7FD /* MainDetailCell.swift in Sources */ = {isa = PBXBuildFile; fileRef = 496D56C9265A0BD700C3E7FD /* MainDetailCell.swift */; };
		496D56D0265AEDAB00C3E7FD /* ImageDataStore.swift in Sources */ = {isa = PBXBuildFile; fileRef = 496D56CF265AEDAB00C3E7FD /* ImageDataStore.swift */; };
		496F6FF3264EA3D100E4056B /* FirebaseService.swift in Sources */ = {isa = PBXBuildFile; fileRef = 496F6FF2264EA3D100E4056B /* FirebaseService.swift */; };
		496F6FF82651AD6300E4056B /* ListViewController.swift in Sources */ = {isa = PBXBuildFile; fileRef = 496F6FF72651AD6300E4056B /* ListViewController.swift */; };
		496F6FFD2651F15200E4056B /* ListCell.swift in Sources */ = {isa = PBXBuildFile; fileRef = 496F6FFC2651F15100E4056B /* ListCell.swift */; };
		496F70022652029F00E4056B /* ListDetailViewController.swift in Sources */ = {isa = PBXBuildFile; fileRef = 496F70012652029F00E4056B /* ListDetailViewController.swift */; };
		496F7007265207A700E4056B /* ImagePageViewController.swift in Sources */ = {isa = PBXBuildFile; fileRef = 496F7006265207A700E4056B /* ImagePageViewController.swift */; };
		496F700C265421E300E4056B /* TxDetailViewController.swift in Sources */ = {isa = PBXBuildFile; fileRef = 496F700B265421E200E4056B /* TxDetailViewController.swift */; };
		497A9AEC2655A60300F09CAA /* NFTrackABI.swift in Sources */ = {isa = PBXBuildFile; fileRef = 497A9AEB2655A60300F09CAA /* NFTrackABI.swift */; };
		497A9B1A2658085E00F09CAA /* GoogleService-Info.plist in Resources */ = {isa = PBXBuildFile; fileRef = 497A9B192658085E00F09CAA /* GoogleService-Info.plist */; };
		497A9B1F2658927200F09CAA /* MainViewController.swift in Sources */ = {isa = PBXBuildFile; fileRef = 497A9B1E2658927200F09CAA /* MainViewController.swift */; };
		499F9949266AB20700FC6CDE /* HistoryCell.swift in Sources */ = {isa = PBXBuildFile; fileRef = 499F9948266AB20700FC6CDE /* HistoryCell.swift */; };
		499F994E266ADA0E00FC6CDE /* HistoryDetailViewController.swift in Sources */ = {isa = PBXBuildFile; fileRef = 499F994D266ADA0E00FC6CDE /* HistoryDetailViewController.swift */; };
		499F9953266AED0E00FC6CDE /* DetailParentViewController.swift in Sources */ = {isa = PBXBuildFile; fileRef = 499F9952266AED0E00FC6CDE /* DetailParentViewController.swift */; };
		49D59C762663326500107F79 /* SocketDelegate.swift in Sources */ = {isa = PBXBuildFile; fileRef = 49D59C752663326500107F79 /* SocketDelegate.swift */; };
		49E759A826658DCC0064BB34 /* TransitioningDelegate.swift in Sources */ = {isa = PBXBuildFile; fileRef = 49E759A726658DCC0064BB34 /* TransitioningDelegate.swift */; };
		49E759AD26669ACB0064BB34 /* PostParentViewController.swift in Sources */ = {isa = PBXBuildFile; fileRef = 49E759AC26669ACB0064BB34 /* PostParentViewController.swift */; };
		49E759B82666BCCF0064BB34 /* ResellViewController.swift in Sources */ = {isa = PBXBuildFile; fileRef = 49E759B72666BCCF0064BB34 /* ResellViewController.swift */; };
		49E75A03266A7C680064BB34 /* HistoryViewController.swift in Sources */ = {isa = PBXBuildFile; fileRef = 49E75A02266A7C670064BB34 /* HistoryViewController.swift */; };
		49E75A08266A7FD40064BB34 /* ListDetailViewController + History.swift in Sources */ = {isa = PBXBuildFile; fileRef = 49E75A07266A7FD40064BB34 /* ListDetailViewController + History.swift */; };
		49F694BE265EE46C00D00F89 /* ListDetailViewController + OptionsBar.swift in Sources */ = {isa = PBXBuildFile; fileRef = 49F694BD265EE46C00D00F89 /* ListDetailViewController + OptionsBar.swift */; };
		5F2181656BA2F887A451E929 /* Pods_NFTrack_Firebase4_NFTrack_Firebase4UITests.framework in Frameworks */ = {isa = PBXBuildFile; fileRef = 2C7C25BD6927706D3587D77F /* Pods_NFTrack_Firebase4_NFTrack_Firebase4UITests.framework */; };
		8BF7EDDB714370A039E12BAF /* Pods_NFTrack_Firebase4.framework in Frameworks */ = {isa = PBXBuildFile; fileRef = 9FF1612C9EA21D4904E1BD19 /* Pods_NFTrack_Firebase4.framework */; };
/* End PBXBuildFile section */

/* Begin PBXContainerItemProxy section */
		4964E46F2641B007005B3268 /* PBXContainerItemProxy */ = {
			isa = PBXContainerItemProxy;
			containerPortal = 4964E4502641B001005B3268 /* Project object */;
			proxyType = 1;
			remoteGlobalIDString = 4964E4572641B001005B3268;
			remoteInfo = "NFTrack-Firebase4";
		};
		4964E47A2641B007005B3268 /* PBXContainerItemProxy */ = {
			isa = PBXContainerItemProxy;
			containerPortal = 4964E4502641B001005B3268 /* Project object */;
			proxyType = 1;
			remoteGlobalIDString = 4964E4572641B001005B3268;
			remoteInfo = "NFTrack-Firebase4";
		};
/* End PBXContainerItemProxy section */

/* Begin PBXFileReference section */
		185327341381F410AFB911BC /* Pods-NFTrack-Firebase4-NFTrack-Firebase4UITests.debug.xcconfig */ = {isa = PBXFileReference; includeInIndex = 1; lastKnownFileType = text.xcconfig; name = "Pods-NFTrack-Firebase4-NFTrack-Firebase4UITests.debug.xcconfig"; path = "Target Support Files/Pods-NFTrack-Firebase4-NFTrack-Firebase4UITests/Pods-NFTrack-Firebase4-NFTrack-Firebase4UITests.debug.xcconfig"; sourceTree = "<group>"; };
		2C7C25BD6927706D3587D77F /* Pods_NFTrack_Firebase4_NFTrack_Firebase4UITests.framework */ = {isa = PBXFileReference; explicitFileType = wrapper.framework; includeInIndex = 0; path = Pods_NFTrack_Firebase4_NFTrack_Firebase4UITests.framework; sourceTree = BUILT_PRODUCTS_DIR; };
		493BF9B4264AC18700B9C9D2 /* WalletGenerationController.swift */ = {isa = PBXFileReference; lastKnownFileType = sourcecode.swift; path = WalletGenerationController.swift; sourceTree = "<group>"; };
		493BF9B9264AC28D00B9C9D2 /* AppDataTypes.swift */ = {isa = PBXFileReference; lastKnownFileType = sourcecode.swift; path = AppDataTypes.swift; sourceTree = "<group>"; };
		493BF9BF264B6CD000B9C9D2 /* BackgroundView.swift */ = {isa = PBXFileReference; lastKnownFileType = sourcecode.swift; path = BackgroundView.swift; sourceTree = "<group>"; };
		493BF9C7264C166000B9C9D2 /* CreditCardView.swift */ = {isa = PBXFileReference; lastKnownFileType = sourcecode.swift; path = CreditCardView.swift; sourceTree = "<group>"; };
		493BF9CC264C493200B9C9D2 /* WalletButtonView.swift */ = {isa = PBXFileReference; lastKnownFileType = sourcecode.swift; path = WalletButtonView.swift; sourceTree = "<group>"; };
		493BF9D1264C4D3B00B9C9D2 /* SendViewController.swift */ = {isa = PBXFileReference; lastKnownFileType = sourcecode.swift; path = SendViewController.swift; sourceTree = "<group>"; };
		493BF9D6264C4DE100B9C9D2 /* BackgroundView2.swift */ = {isa = PBXFileReference; lastKnownFileType = sourcecode.swift; path = BackgroundView2.swift; sourceTree = "<group>"; };
		493BF9DB264C515C00B9C9D2 /* TransactionService.swift */ = {isa = PBXFileReference; lastKnownFileType = sourcecode.swift; path = TransactionService.swift; sourceTree = "<group>"; };
		493BF9E3264C549D00B9C9D2 /* ScannerViewController.swift */ = {isa = PBXFileReference; lastKnownFileType = sourcecode.swift; path = ScannerViewController.swift; sourceTree = "<group>"; };
		493BF9E8264C657200B9C9D2 /* ReceiveViewController.swift */ = {isa = PBXFileReference; lastKnownFileType = sourcecode.swift; path = ReceiveViewController.swift; sourceTree = "<group>"; };
		493BF9ED264C65FA00B9C9D2 /* BackgroundView3.swift */ = {isa = PBXFileReference; lastKnownFileType = sourcecode.swift; path = BackgroundView3.swift; sourceTree = "<group>"; };
		493BF9F2264C6B4B00B9C9D2 /* PasswordResetViewController.swift */ = {isa = PBXFileReference; lastKnownFileType = sourcecode.swift; path = PasswordResetViewController.swift; sourceTree = "<group>"; };
		493BF9F7264C6ECF00B9C9D2 /* PresentationController.swift */ = {isa = PBXFileReference; lastKnownFileType = sourcecode.swift; path = PresentationController.swift; sourceTree = "<group>"; };
		493BF9FD264CDC0A00B9C9D2 /* ERC721PresetABI.swift */ = {isa = PBXFileReference; lastKnownFileType = sourcecode.swift; path = ERC721PresetABI.swift; sourceTree = "<group>"; };
		49409A74265946870060193C /* SearchResultsViewController.swift */ = {isa = PBXFileReference; lastKnownFileType = sourcecode.swift; path = SearchResultsViewController.swift; sourceTree = "<group>"; };
		49409A79265949C80060193C /* MainViewController + ResultsUpdate.swift */ = {isa = PBXFileReference; lastKnownFileType = sourcecode.swift; path = "MainViewController + ResultsUpdate.swift"; sourceTree = "<group>"; };
		4964E4582641B001005B3268 /* NFTrack-Firebase4.app */ = {isa = PBXFileReference; explicitFileType = wrapper.application; includeInIndex = 0; path = "NFTrack-Firebase4.app"; sourceTree = BUILT_PRODUCTS_DIR; };
		4964E45B2641B001005B3268 /* AppDelegate.swift */ = {isa = PBXFileReference; lastKnownFileType = sourcecode.swift; path = AppDelegate.swift; sourceTree = "<group>"; };
		4964E45D2641B001005B3268 /* SceneDelegate.swift */ = {isa = PBXFileReference; lastKnownFileType = sourcecode.swift; path = SceneDelegate.swift; sourceTree = "<group>"; };
		4964E45F2641B001005B3268 /* SignInViewController.swift */ = {isa = PBXFileReference; lastKnownFileType = sourcecode.swift; path = SignInViewController.swift; sourceTree = "<group>"; };
		4964E4622641B001005B3268 /* Base */ = {isa = PBXFileReference; lastKnownFileType = file.storyboard; name = Base; path = Base.lproj/Main.storyboard; sourceTree = "<group>"; };
		4964E4642641B006005B3268 /* Assets.xcassets */ = {isa = PBXFileReference; lastKnownFileType = folder.assetcatalog; path = Assets.xcassets; sourceTree = "<group>"; };
		4964E4672641B006005B3268 /* Base */ = {isa = PBXFileReference; lastKnownFileType = file.storyboard; name = Base; path = Base.lproj/LaunchScreen.storyboard; sourceTree = "<group>"; };
		4964E4692641B006005B3268 /* Info.plist */ = {isa = PBXFileReference; lastKnownFileType = text.plist.xml; path = Info.plist; sourceTree = "<group>"; };
		4964E46E2641B007005B3268 /* NFTrack-Firebase4Tests.xctest */ = {isa = PBXFileReference; explicitFileType = wrapper.cfbundle; includeInIndex = 0; path = "NFTrack-Firebase4Tests.xctest"; sourceTree = BUILT_PRODUCTS_DIR; };
		4964E4722641B007005B3268 /* NFTrack_Firebase4Tests.swift */ = {isa = PBXFileReference; lastKnownFileType = sourcecode.swift; path = NFTrack_Firebase4Tests.swift; sourceTree = "<group>"; };
		4964E4742641B007005B3268 /* Info.plist */ = {isa = PBXFileReference; lastKnownFileType = text.plist.xml; path = Info.plist; sourceTree = "<group>"; };
		4964E4792641B007005B3268 /* NFTrack-Firebase4UITests.xctest */ = {isa = PBXFileReference; explicitFileType = wrapper.cfbundle; includeInIndex = 0; path = "NFTrack-Firebase4UITests.xctest"; sourceTree = BUILT_PRODUCTS_DIR; };
		4964E47D2641B007005B3268 /* NFTrack_Firebase4UITests.swift */ = {isa = PBXFileReference; lastKnownFileType = sourcecode.swift; path = NFTrack_Firebase4UITests.swift; sourceTree = "<group>"; };
		4964E47F2641B007005B3268 /* Info.plist */ = {isa = PBXFileReference; lastKnownFileType = text.plist.xml; path = Info.plist; sourceTree = "<group>"; };
		4964E4C02641E12A005B3268 /* BlurEffectContainerView.swift */ = {isa = PBXFileReference; lastKnownFileType = sourcecode.swift; path = BlurEffectContainerView.swift; sourceTree = "<group>"; };
		4964E4CB26430BFB005B3268 /* SignUpViewController.swift */ = {isa = PBXFileReference; lastKnownFileType = sourcecode.swift; path = SignUpViewController.swift; sourceTree = "<group>"; };
		4964E4D126430FBE005B3268 /* AppExtensions.swift */ = {isa = PBXFileReference; lastKnownFileType = sourcecode.swift; path = AppExtensions.swift; sourceTree = "<group>"; };
		4964E4E426436875005B3268 /* DissolveTransitionAnimator.swift */ = {isa = PBXFileReference; lastKnownFileType = sourcecode.swift; path = DissolveTransitionAnimator.swift; sourceTree = "<group>"; };
		4964E4EC26445AED005B3268 /* AlertsView.swift */ = {isa = PBXFileReference; lastKnownFileType = sourcecode.swift; path = AlertsView.swift; sourceTree = "<group>"; };
		4964E4FF26445EDB005B3268 /* DetailViewController.swift */ = {isa = PBXFileReference; lastKnownFileType = sourcecode.swift; path = DetailViewController.swift; sourceTree = "<group>"; };
		4964E5042644891B005B3268 /* AccountViewController.swift */ = {isa = PBXFileReference; lastKnownFileType = sourcecode.swift; path = AccountViewController.swift; sourceTree = "<group>"; };
		4964E5092644B07D005B3268 /* PostViewController.swift */ = {isa = PBXFileReference; lastKnownFileType = sourcecode.swift; path = PostViewController.swift; sourceTree = "<group>"; };
		4964E50E264767A6005B3268 /* ImagePreviewViewController.swift */ = {isa = PBXFileReference; lastKnownFileType = sourcecode.swift; path = ImagePreviewViewController.swift; sourceTree = "<group>"; };
		4964E515264777BF005B3268 /* ImageCell.swift */ = {isa = PBXFileReference; lastKnownFileType = sourcecode.swift; path = ImageCell.swift; sourceTree = "<group>"; };
		4964E52026489564005B3268 /* BigPreviewViewController.swift */ = {isa = PBXFileReference; lastKnownFileType = sourcecode.swift; path = BigPreviewViewController.swift; sourceTree = "<group>"; };
		4964E5252648AB6A005B3268 /* ZoomAnimationController.swift */ = {isa = PBXFileReference; lastKnownFileType = sourcecode.swift; path = ZoomAnimationController.swift; sourceTree = "<group>"; };
		4964E52B2648B096005B3268 /* MyPresentationController.swift */ = {isa = PBXFileReference; lastKnownFileType = sourcecode.swift; path = MyPresentationController.swift; sourceTree = "<group>"; };
		4964E5332648C68A005B3268 /* WalletViewController.swift */ = {isa = PBXFileReference; lastKnownFileType = sourcecode.swift; path = WalletViewController.swift; sourceTree = "<group>"; };
		4964E53A2648C940005B3268 /* CoreDataModel.xcdatamodel */ = {isa = PBXFileReference; lastKnownFileType = wrapper.xcdatamodel; path = CoreDataModel.xcdatamodel; sourceTree = "<group>"; };
		4964E55A2649645F005B3268 /* KeyWallet+CoreDataClass.swift */ = {isa = PBXFileReference; lastKnownFileType = sourcecode.swift; path = "KeyWallet+CoreDataClass.swift"; sourceTree = SOURCE_ROOT; };
		4964E55B2649645F005B3268 /* KeyWallet+CoreDataProperties.swift */ = {isa = PBXFileReference; lastKnownFileType = sourcecode.swift; path = "KeyWallet+CoreDataProperties.swift"; sourceTree = SOURCE_ROOT; };
		4964E56126496852005B3268 /* KeysService.swift */ = {isa = PBXFileReference; lastKnownFileType = sourcecode.swift; path = KeysService.swift; sourceTree = "<group>"; };
		4964E567264968A7005B3268 /* Errors.swift */ = {isa = PBXFileReference; lastKnownFileType = sourcecode.swift; path = Errors.swift; sourceTree = "<group>"; };
		4964E56C2649694A005B3268 /* CoreDataServices.swift */ = {isa = PBXFileReference; lastKnownFileType = sourcecode.swift; path = CoreDataServices.swift; sourceTree = "<group>"; };
		4964E57126498541005B3268 /* Web3swiftService.swift */ = {isa = PBXFileReference; lastKnownFileType = sourcecode.swift; path = Web3swiftService.swift; sourceTree = "<group>"; };
		4964E57626499D74005B3268 /* RegisteredWalletViewController.swift */ = {isa = PBXFileReference; lastKnownFileType = sourcecode.swift; path = RegisteredWalletViewController.swift; sourceTree = "<group>"; };
		4964E57B26499FBE005B3268 /* UnregisteredWalletViewController.swift */ = {isa = PBXFileReference; lastKnownFileType = sourcecode.swift; path = UnregisteredWalletViewController.swift; sourceTree = "<group>"; };
		4964E5802649A047005B3268 /* AppProtocols.swift */ = {isa = PBXFileReference; lastKnownFileType = sourcecode.swift; path = AppProtocols.swift; sourceTree = "<group>"; };
		4964E5852649A745005B3268 /* CreateWalletViewController.swift */ = {isa = PBXFileReference; lastKnownFileType = sourcecode.swift; path = CreateWalletViewController.swift; sourceTree = "<group>"; };
		4964E58A2649A75A005B3268 /* ImportWalletViewController.swift */ = {isa = PBXFileReference; lastKnownFileType = sourcecode.swift; path = ImportWalletViewController.swift; sourceTree = "<group>"; };
		4964E58F2649B5CE005B3268 /* SinglePageViewController.swift */ = {isa = PBXFileReference; lastKnownFileType = sourcecode.swift; path = SinglePageViewController.swift; sourceTree = "<group>"; };
		4964E5942649B6FA005B3268 /* PageViewController.swift */ = {isa = PBXFileReference; lastKnownFileType = sourcecode.swift; path = PageViewController.swift; sourceTree = "<group>"; };
		496D56B02659654A00C3E7FD /* CategoryCell.swift */ = {isa = PBXFileReference; lastKnownFileType = sourcecode.swift; path = CategoryCell.swift; sourceTree = "<group>"; };
		496D56B52659E6F900C3E7FD /* MyDoneButtonVC.swift */ = {isa = PBXFileReference; lastKnownFileType = sourcecode.swift; path = MyDoneButtonVC.swift; sourceTree = "<group>"; };
		496D56BA2659E72100C3E7FD /* MyPickerViewController.swift */ = {isa = PBXFileReference; lastKnownFileType = sourcecode.swift; path = MyPickerViewController.swift; sourceTree = "<group>"; };
		496D56BF2659E75D00C3E7FD /* PostParentViewController + Picker.swift */ = {isa = PBXFileReference; lastKnownFileType = sourcecode.swift; path = "PostParentViewController + Picker.swift"; sourceTree = "<group>"; };
		496D56C42659FF2100C3E7FD /* MainDetailViewController.swift */ = {isa = PBXFileReference; lastKnownFileType = sourcecode.swift; path = MainDetailViewController.swift; sourceTree = "<group>"; };
		496D56C9265A0BD700C3E7FD /* MainDetailCell.swift */ = {isa = PBXFileReference; lastKnownFileType = sourcecode.swift; path = MainDetailCell.swift; sourceTree = "<group>"; };
		496D56CF265AEDAB00C3E7FD /* ImageDataStore.swift */ = {isa = PBXFileReference; lastKnownFileType = sourcecode.swift; path = ImageDataStore.swift; sourceTree = "<group>"; };
		496F6FF2264EA3D100E4056B /* FirebaseService.swift */ = {isa = PBXFileReference; lastKnownFileType = sourcecode.swift; path = FirebaseService.swift; sourceTree = "<group>"; };
		496F6FF72651AD6300E4056B /* ListViewController.swift */ = {isa = PBXFileReference; lastKnownFileType = sourcecode.swift; path = ListViewController.swift; sourceTree = "<group>"; };
		496F6FFC2651F15100E4056B /* ListCell.swift */ = {isa = PBXFileReference; lastKnownFileType = sourcecode.swift; path = ListCell.swift; sourceTree = "<group>"; };
		496F70012652029F00E4056B /* ListDetailViewController.swift */ = {isa = PBXFileReference; lastKnownFileType = sourcecode.swift; path = ListDetailViewController.swift; sourceTree = "<group>"; };
		496F7006265207A700E4056B /* ImagePageViewController.swift */ = {isa = PBXFileReference; lastKnownFileType = sourcecode.swift; path = ImagePageViewController.swift; sourceTree = "<group>"; };
		496F700B265421E200E4056B /* TxDetailViewController.swift */ = {isa = PBXFileReference; lastKnownFileType = sourcecode.swift; path = TxDetailViewController.swift; sourceTree = "<group>"; };
		497A9AEB2655A60300F09CAA /* NFTrackABI.swift */ = {isa = PBXFileReference; lastKnownFileType = sourcecode.swift; path = NFTrackABI.swift; sourceTree = "<group>"; };
		497A9B192658085E00F09CAA /* GoogleService-Info.plist */ = {isa = PBXFileReference; fileEncoding = 4; lastKnownFileType = text.plist.xml; path = "GoogleService-Info.plist"; sourceTree = "<group>"; };
		497A9B1E2658927200F09CAA /* MainViewController.swift */ = {isa = PBXFileReference; lastKnownFileType = sourcecode.swift; path = MainViewController.swift; sourceTree = "<group>"; };
		499F9948266AB20700FC6CDE /* HistoryCell.swift */ = {isa = PBXFileReference; lastKnownFileType = sourcecode.swift; path = HistoryCell.swift; sourceTree = "<group>"; };
		499F994D266ADA0E00FC6CDE /* HistoryDetailViewController.swift */ = {isa = PBXFileReference; lastKnownFileType = sourcecode.swift; path = HistoryDetailViewController.swift; sourceTree = "<group>"; };
		499F9952266AED0E00FC6CDE /* DetailParentViewController.swift */ = {isa = PBXFileReference; lastKnownFileType = sourcecode.swift; path = DetailParentViewController.swift; sourceTree = "<group>"; };
		49D59C752663326500107F79 /* SocketDelegate.swift */ = {isa = PBXFileReference; lastKnownFileType = sourcecode.swift; path = SocketDelegate.swift; sourceTree = "<group>"; };
		49E759A726658DCC0064BB34 /* TransitioningDelegate.swift */ = {isa = PBXFileReference; lastKnownFileType = sourcecode.swift; path = TransitioningDelegate.swift; sourceTree = "<group>"; };
		49E759AC26669ACB0064BB34 /* PostParentViewController.swift */ = {isa = PBXFileReference; lastKnownFileType = sourcecode.swift; path = PostParentViewController.swift; sourceTree = "<group>"; };
		49E759B72666BCCF0064BB34 /* ResellViewController.swift */ = {isa = PBXFileReference; lastKnownFileType = sourcecode.swift; path = ResellViewController.swift; sourceTree = "<group>"; };
		49E75A02266A7C670064BB34 /* HistoryViewController.swift */ = {isa = PBXFileReference; lastKnownFileType = sourcecode.swift; path = HistoryViewController.swift; sourceTree = "<group>"; };
		49E75A07266A7FD40064BB34 /* ListDetailViewController + History.swift */ = {isa = PBXFileReference; lastKnownFileType = sourcecode.swift; path = "ListDetailViewController + History.swift"; sourceTree = "<group>"; };
		49F694BD265EE46C00D00F89 /* ListDetailViewController + OptionsBar.swift */ = {isa = PBXFileReference; lastKnownFileType = sourcecode.swift; path = "ListDetailViewController + OptionsBar.swift"; sourceTree = "<group>"; };
		5C42156D98AD4812550FF489 /* Pods-NFTrack-Firebase4Tests.release.xcconfig */ = {isa = PBXFileReference; includeInIndex = 1; lastKnownFileType = text.xcconfig; name = "Pods-NFTrack-Firebase4Tests.release.xcconfig"; path = "Target Support Files/Pods-NFTrack-Firebase4Tests/Pods-NFTrack-Firebase4Tests.release.xcconfig"; sourceTree = "<group>"; };
		5D3028929C2B2E423CDD6DAF /* Pods-NFTrack-Firebase4.debug.xcconfig */ = {isa = PBXFileReference; includeInIndex = 1; lastKnownFileType = text.xcconfig; name = "Pods-NFTrack-Firebase4.debug.xcconfig"; path = "Target Support Files/Pods-NFTrack-Firebase4/Pods-NFTrack-Firebase4.debug.xcconfig"; sourceTree = "<group>"; };
		69497F4D2E3074B9F7D67603 /* Pods-NFTrack-Firebase4-NFTrack-Firebase4UITests.release.xcconfig */ = {isa = PBXFileReference; includeInIndex = 1; lastKnownFileType = text.xcconfig; name = "Pods-NFTrack-Firebase4-NFTrack-Firebase4UITests.release.xcconfig"; path = "Target Support Files/Pods-NFTrack-Firebase4-NFTrack-Firebase4UITests/Pods-NFTrack-Firebase4-NFTrack-Firebase4UITests.release.xcconfig"; sourceTree = "<group>"; };
		839241BF6F24156A30E120AF /* Pods_NFTrack_Firebase4Tests.framework */ = {isa = PBXFileReference; explicitFileType = wrapper.framework; includeInIndex = 0; path = Pods_NFTrack_Firebase4Tests.framework; sourceTree = BUILT_PRODUCTS_DIR; };
		8F838648781EAE50974735C1 /* Pods-NFTrack-Firebase4.release.xcconfig */ = {isa = PBXFileReference; includeInIndex = 1; lastKnownFileType = text.xcconfig; name = "Pods-NFTrack-Firebase4.release.xcconfig"; path = "Target Support Files/Pods-NFTrack-Firebase4/Pods-NFTrack-Firebase4.release.xcconfig"; sourceTree = "<group>"; };
		9FF1612C9EA21D4904E1BD19 /* Pods_NFTrack_Firebase4.framework */ = {isa = PBXFileReference; explicitFileType = wrapper.framework; includeInIndex = 0; path = Pods_NFTrack_Firebase4.framework; sourceTree = BUILT_PRODUCTS_DIR; };
		A6B2A07F7EE782290792B249 /* Pods-NFTrack-Firebase4Tests.debug.xcconfig */ = {isa = PBXFileReference; includeInIndex = 1; lastKnownFileType = text.xcconfig; name = "Pods-NFTrack-Firebase4Tests.debug.xcconfig"; path = "Target Support Files/Pods-NFTrack-Firebase4Tests/Pods-NFTrack-Firebase4Tests.debug.xcconfig"; sourceTree = "<group>"; };
/* End PBXFileReference section */

/* Begin PBXFrameworksBuildPhase section */
		4964E4552641B001005B3268 /* Frameworks */ = {
			isa = PBXFrameworksBuildPhase;
			buildActionMask = 2147483647;
			files = (
				8BF7EDDB714370A039E12BAF /* Pods_NFTrack_Firebase4.framework in Frameworks */,
			);
			runOnlyForDeploymentPostprocessing = 0;
		};
		4964E46B2641B007005B3268 /* Frameworks */ = {
			isa = PBXFrameworksBuildPhase;
			buildActionMask = 2147483647;
			files = (
				49314F5F4CF8EC19FC270279 /* Pods_NFTrack_Firebase4Tests.framework in Frameworks */,
			);
			runOnlyForDeploymentPostprocessing = 0;
		};
		4964E4762641B007005B3268 /* Frameworks */ = {
			isa = PBXFrameworksBuildPhase;
			buildActionMask = 2147483647;
			files = (
				5F2181656BA2F887A451E929 /* Pods_NFTrack_Firebase4_NFTrack_Firebase4UITests.framework in Frameworks */,
			);
			runOnlyForDeploymentPostprocessing = 0;
		};
/* End PBXFrameworksBuildPhase section */

/* Begin PBXGroup section */
		25917528F6C30BD7AA7DAC94 /* Pods */ = {
			isa = PBXGroup;
			children = (
				5D3028929C2B2E423CDD6DAF /* Pods-NFTrack-Firebase4.debug.xcconfig */,
				8F838648781EAE50974735C1 /* Pods-NFTrack-Firebase4.release.xcconfig */,
				185327341381F410AFB911BC /* Pods-NFTrack-Firebase4-NFTrack-Firebase4UITests.debug.xcconfig */,
				69497F4D2E3074B9F7D67603 /* Pods-NFTrack-Firebase4-NFTrack-Firebase4UITests.release.xcconfig */,
				A6B2A07F7EE782290792B249 /* Pods-NFTrack-Firebase4Tests.debug.xcconfig */,
				5C42156D98AD4812550FF489 /* Pods-NFTrack-Firebase4Tests.release.xcconfig */,
			);
			path = Pods;
			sourceTree = "<group>";
		};
		493BF9B3264AC16F00B9C9D2 /* Controllers */ = {
			isa = PBXGroup;
			children = (
				493BF9B4264AC18700B9C9D2 /* WalletGenerationController.swift */,
				493BF9F7264C6ECF00B9C9D2 /* PresentationController.swift */,
			);
			path = Controllers;
			sourceTree = "<group>";
		};
		493BF9BE264B6CBE00B9C9D2 /* Background Views */ = {
			isa = PBXGroup;
			children = (
				493BF9BF264B6CD000B9C9D2 /* BackgroundView.swift */,
				493BF9D6264C4DE100B9C9D2 /* BackgroundView2.swift */,
				493BF9ED264C65FA00B9C9D2 /* BackgroundView3.swift */,
			);
			path = "Background Views";
			sourceTree = "<group>";
		};
		493BF9FC264CDBDD00B9C9D2 /* Contracts */ = {
			isa = PBXGroup;
			children = (
				493BF9FD264CDC0A00B9C9D2 /* ERC721PresetABI.swift */,
				497A9AEB2655A60300F09CAA /* NFTrackABI.swift */,
			);
			path = Contracts;
			sourceTree = "<group>";
		};
		4964E44F2641B001005B3268 = {
			isa = PBXGroup;
			children = (
				4964E45A2641B001005B3268 /* NFTrack-Firebase4 */,
				4964E4712641B007005B3268 /* NFTrack-Firebase4Tests */,
				4964E47C2641B007005B3268 /* NFTrack-Firebase4UITests */,
				4964E4592641B001005B3268 /* Products */,
				25917528F6C30BD7AA7DAC94 /* Pods */,
				F64A6E3DD6EC3840BC56EC30 /* Frameworks */,
			);
			sourceTree = "<group>";
		};
		4964E4592641B001005B3268 /* Products */ = {
			isa = PBXGroup;
			children = (
				4964E4582641B001005B3268 /* NFTrack-Firebase4.app */,
				4964E46E2641B007005B3268 /* NFTrack-Firebase4Tests.xctest */,
				4964E4792641B007005B3268 /* NFTrack-Firebase4UITests.xctest */,
			);
			name = Products;
			sourceTree = "<group>";
		};
		4964E45A2641B001005B3268 /* NFTrack-Firebase4 */ = {
			isa = PBXGroup;
			children = (
				497A9B192658085E00F09CAA /* GoogleService-Info.plist */,
				4964E55A2649645F005B3268 /* KeyWallet+CoreDataClass.swift */,
				4964E55B2649645F005B3268 /* KeyWallet+CoreDataProperties.swift */,
				493BF9FC264CDBDD00B9C9D2 /* Contracts */,
				493BF9BE264B6CBE00B9C9D2 /* Background Views */,
				493BF9B3264AC16F00B9C9D2 /* Controllers */,
				4964E4FB26445EB1005B3268 /* ViewControllers */,
				4964E5382648C8DD005B3268 /* Services */,
				4964E52A2648B055005B3268 /* Presentation Controllers */,
				4964E4E32643685E005B3268 /* Animators */,
				4964E4D026430FA2005B3268 /* Extensions + Utilities */,
				4964E56626496891005B3268 /* Models */,
				4964E4BF2641E118005B3268 /* View */,
				4964E5142647779E005B3268 /* Cells and Supplementary Views */,
				4964E4B32641BA6F005B3268 /* Supporting Files */,
			);
			path = "NFTrack-Firebase4";
			sourceTree = "<group>";
		};
		4964E4712641B007005B3268 /* NFTrack-Firebase4Tests */ = {
			isa = PBXGroup;
			children = (
				4964E4722641B007005B3268 /* NFTrack_Firebase4Tests.swift */,
				4964E4742641B007005B3268 /* Info.plist */,
			);
			path = "NFTrack-Firebase4Tests";
			sourceTree = "<group>";
		};
		4964E47C2641B007005B3268 /* NFTrack-Firebase4UITests */ = {
			isa = PBXGroup;
			children = (
				4964E47D2641B007005B3268 /* NFTrack_Firebase4UITests.swift */,
				4964E47F2641B007005B3268 /* Info.plist */,
			);
			path = "NFTrack-Firebase4UITests";
			sourceTree = "<group>";
		};
		4964E4B32641BA6F005B3268 /* Supporting Files */ = {
			isa = PBXGroup;
			children = (
				4964E45B2641B001005B3268 /* AppDelegate.swift */,
				4964E5392648C93F005B3268 /* CoreDataModel.xcdatamodeld */,
				4964E45D2641B001005B3268 /* SceneDelegate.swift */,
				4964E4642641B006005B3268 /* Assets.xcassets */,
				4964E4692641B006005B3268 /* Info.plist */,
				4964E4662641B006005B3268 /* LaunchScreen.storyboard */,
				4964E4612641B001005B3268 /* Main.storyboard */,
			);
			path = "Supporting Files";
			sourceTree = "<group>";
		};
		4964E4BF2641E118005B3268 /* View */ = {
			isa = PBXGroup;
			children = (
				4964E4C02641E12A005B3268 /* BlurEffectContainerView.swift */,
				4964E4EC26445AED005B3268 /* AlertsView.swift */,
				493BF9CC264C493200B9C9D2 /* WalletButtonView.swift */,
				493BF9C7264C166000B9C9D2 /* CreditCardView.swift */,
			);
			path = View;
			sourceTree = "<group>";
		};
		4964E4D026430FA2005B3268 /* Extensions + Utilities */ = {
			isa = PBXGroup;
			children = (
				4964E4D126430FBE005B3268 /* AppExtensions.swift */,
				4964E5802649A047005B3268 /* AppProtocols.swift */,
				493BF9B9264AC28D00B9C9D2 /* AppDataTypes.swift */,
			);
			path = "Extensions + Utilities";
			sourceTree = "<group>";
		};
		4964E4E32643685E005B3268 /* Animators */ = {
			isa = PBXGroup;
			children = (
				4964E4E426436875005B3268 /* DissolveTransitionAnimator.swift */,
				4964E5252648AB6A005B3268 /* ZoomAnimationController.swift */,
			);
			path = Animators;
			sourceTree = "<group>";
		};
		4964E4FB26445EB1005B3268 /* ViewControllers */ = {
			isa = PBXGroup;
			children = (
				4964E45F2641B001005B3268 /* SignInViewController.swift */,
				4964E4CB26430BFB005B3268 /* SignUpViewController.swift */,
				4964E4FF26445EDB005B3268 /* DetailViewController.swift */,
				493BF9F2264C6B4B00B9C9D2 /* PasswordResetViewController.swift */,
				4964E5042644891B005B3268 /* AccountViewController.swift */,
				497A9B1E2658927200F09CAA /* MainViewController.swift */,
				49E759AC26669ACB0064BB34 /* PostParentViewController.swift */,
				496D56BF2659E75D00C3E7FD /* PostParentViewController + Picker.swift */,
				4964E5092644B07D005B3268 /* PostViewController.swift */,
				49E759B72666BCCF0064BB34 /* ResellViewController.swift */,
				4964E50E264767A6005B3268 /* ImagePreviewViewController.swift */,
				4964E52026489564005B3268 /* BigPreviewViewController.swift */,
				4964E5332648C68A005B3268 /* WalletViewController.swift */,
				4964E57626499D74005B3268 /* RegisteredWalletViewController.swift */,
				4964E57B26499FBE005B3268 /* UnregisteredWalletViewController.swift */,
				4964E5852649A745005B3268 /* CreateWalletViewController.swift */,
				4964E58A2649A75A005B3268 /* ImportWalletViewController.swift */,
				4964E58F2649B5CE005B3268 /* SinglePageViewController.swift */,
				4964E5942649B6FA005B3268 /* PageViewController.swift */,
				493BF9D1264C4D3B00B9C9D2 /* SendViewController.swift */,
				493BF9E8264C657200B9C9D2 /* ReceiveViewController.swift */,
				493BF9E3264C549D00B9C9D2 /* ScannerViewController.swift */,
				496F6FF72651AD6300E4056B /* ListViewController.swift */,
				496F70012652029F00E4056B /* ListDetailViewController.swift */,
				49F694BD265EE46C00D00F89 /* ListDetailViewController + OptionsBar.swift */,
				49E75A07266A7FD40064BB34 /* ListDetailViewController + History.swift */,
				496F7006265207A700E4056B /* ImagePageViewController.swift */,
				496F700B265421E200E4056B /* TxDetailViewController.swift */,
				49409A74265946870060193C /* SearchResultsViewController.swift */,
				49409A79265949C80060193C /* MainViewController + ResultsUpdate.swift */,
				496D56B52659E6F900C3E7FD /* MyDoneButtonVC.swift */,
				496D56BA2659E72100C3E7FD /* MyPickerViewController.swift */,
				496D56C42659FF2100C3E7FD /* MainDetailViewController.swift */,
				49E75A02266A7C670064BB34 /* HistoryViewController.swift */,
				499F994D266ADA0E00FC6CDE /* HistoryDetailViewController.swift */,
				499F9952266AED0E00FC6CDE /* DetailParentViewController.swift */,
			);
			path = ViewControllers;
			sourceTree = "<group>";
		};
		4964E5142647779E005B3268 /* Cells and Supplementary Views */ = {
			isa = PBXGroup;
			children = (
				4964E515264777BF005B3268 /* ImageCell.swift */,
				499F9948266AB20700FC6CDE /* HistoryCell.swift */,
				496F6FFC2651F15100E4056B /* ListCell.swift */,
				496D56B02659654A00C3E7FD /* CategoryCell.swift */,
				496D56C9265A0BD700C3E7FD /* MainDetailCell.swift */,
			);
			path = "Cells and Supplementary Views";
			sourceTree = "<group>";
		};
		4964E52A2648B055005B3268 /* Presentation Controllers */ = {
			isa = PBXGroup;
			children = (
				4964E52B2648B096005B3268 /* MyPresentationController.swift */,
				49E759A726658DCC0064BB34 /* TransitioningDelegate.swift */,
			);
			path = "Presentation Controllers";
			sourceTree = "<group>";
		};
		4964E5382648C8DD005B3268 /* Services */ = {
			isa = PBXGroup;
			children = (
				4964E56126496852005B3268 /* KeysService.swift */,
				4964E57126498541005B3268 /* Web3swiftService.swift */,
				4964E56C2649694A005B3268 /* CoreDataServices.swift */,
				493BF9DB264C515C00B9C9D2 /* TransactionService.swift */,
				496F6FF2264EA3D100E4056B /* FirebaseService.swift */,
			);
			path = Services;
			sourceTree = "<group>";
		};
		4964E56626496891005B3268 /* Models */ = {
			isa = PBXGroup;
			children = (
				4964E567264968A7005B3268 /* Errors.swift */,
				496D56CF265AEDAB00C3E7FD /* ImageDataStore.swift */,
				49D59C752663326500107F79 /* SocketDelegate.swift */,
			);
			path = Models;
			sourceTree = "<group>";
		};
		F64A6E3DD6EC3840BC56EC30 /* Frameworks */ = {
			isa = PBXGroup;
			children = (
				9FF1612C9EA21D4904E1BD19 /* Pods_NFTrack_Firebase4.framework */,
				2C7C25BD6927706D3587D77F /* Pods_NFTrack_Firebase4_NFTrack_Firebase4UITests.framework */,
				839241BF6F24156A30E120AF /* Pods_NFTrack_Firebase4Tests.framework */,
			);
			name = Frameworks;
			sourceTree = "<group>";
		};
/* End PBXGroup section */

/* Begin PBXNativeTarget section */
		4964E4572641B001005B3268 /* NFTrack-Firebase4 */ = {
			isa = PBXNativeTarget;
			buildConfigurationList = 4964E4822641B007005B3268 /* Build configuration list for PBXNativeTarget "NFTrack-Firebase4" */;
			buildPhases = (
				61F622D4A34D32644CE6A28E /* [CP] Check Pods Manifest.lock */,
				4964E4542641B001005B3268 /* Sources */,
				4964E4552641B001005B3268 /* Frameworks */,
				4964E4562641B001005B3268 /* Resources */,
				C754D212D80FF5FCC4ADB0EA /* [CP] Embed Pods Frameworks */,
				44C90A2C7678282592592ACD /* [CP] Copy Pods Resources */,
			);
			buildRules = (
			);
			dependencies = (
			);
			name = "NFTrack-Firebase4";
			productName = "NFTrack-Firebase4";
			productReference = 4964E4582641B001005B3268 /* NFTrack-Firebase4.app */;
			productType = "com.apple.product-type.application";
		};
		4964E46D2641B007005B3268 /* NFTrack-Firebase4Tests */ = {
			isa = PBXNativeTarget;
			buildConfigurationList = 4964E4852641B007005B3268 /* Build configuration list for PBXNativeTarget "NFTrack-Firebase4Tests" */;
			buildPhases = (
				49893FA093585EDA93A7EB73 /* [CP] Check Pods Manifest.lock */,
				4964E46A2641B007005B3268 /* Sources */,
				4964E46B2641B007005B3268 /* Frameworks */,
				4964E46C2641B007005B3268 /* Resources */,
			);
			buildRules = (
			);
			dependencies = (
				4964E4702641B007005B3268 /* PBXTargetDependency */,
			);
			name = "NFTrack-Firebase4Tests";
			productName = "NFTrack-Firebase4Tests";
			productReference = 4964E46E2641B007005B3268 /* NFTrack-Firebase4Tests.xctest */;
			productType = "com.apple.product-type.bundle.unit-test";
		};
		4964E4782641B007005B3268 /* NFTrack-Firebase4UITests */ = {
			isa = PBXNativeTarget;
			buildConfigurationList = 4964E4882641B007005B3268 /* Build configuration list for PBXNativeTarget "NFTrack-Firebase4UITests" */;
			buildPhases = (
				04A37D22777BEDE772F9855A /* [CP] Check Pods Manifest.lock */,
				4964E4752641B007005B3268 /* Sources */,
				4964E4762641B007005B3268 /* Frameworks */,
				4964E4772641B007005B3268 /* Resources */,
				00E9F1C1D6A612041B8ED96D /* [CP] Embed Pods Frameworks */,
				7337F9A2B8B9CE478467A134 /* [CP] Copy Pods Resources */,
			);
			buildRules = (
			);
			dependencies = (
				4964E47B2641B007005B3268 /* PBXTargetDependency */,
			);
			name = "NFTrack-Firebase4UITests";
			productName = "NFTrack-Firebase4UITests";
			productReference = 4964E4792641B007005B3268 /* NFTrack-Firebase4UITests.xctest */;
			productType = "com.apple.product-type.bundle.ui-testing";
		};
/* End PBXNativeTarget section */

/* Begin PBXProject section */
		4964E4502641B001005B3268 /* Project object */ = {
			isa = PBXProject;
			attributes = {
				LastSwiftUpdateCheck = 1230;
				LastUpgradeCheck = 1230;
				TargetAttributes = {
					4964E4572641B001005B3268 = {
						CreatedOnToolsVersion = 12.3;
					};
					4964E46D2641B007005B3268 = {
						CreatedOnToolsVersion = 12.3;
						TestTargetID = 4964E4572641B001005B3268;
					};
					4964E4782641B007005B3268 = {
						CreatedOnToolsVersion = 12.3;
						TestTargetID = 4964E4572641B001005B3268;
					};
				};
			};
			buildConfigurationList = 4964E4532641B001005B3268 /* Build configuration list for PBXProject "NFTrack-Firebase4" */;
			compatibilityVersion = "Xcode 9.3";
			developmentRegion = en;
			hasScannedForEncodings = 0;
			knownRegions = (
				en,
				Base,
			);
			mainGroup = 4964E44F2641B001005B3268;
			productRefGroup = 4964E4592641B001005B3268 /* Products */;
			projectDirPath = "";
			projectRoot = "";
			targets = (
				4964E4572641B001005B3268 /* NFTrack-Firebase4 */,
				4964E46D2641B007005B3268 /* NFTrack-Firebase4Tests */,
				4964E4782641B007005B3268 /* NFTrack-Firebase4UITests */,
			);
		};
/* End PBXProject section */

/* Begin PBXResourcesBuildPhase section */
		4964E4562641B001005B3268 /* Resources */ = {
			isa = PBXResourcesBuildPhase;
			buildActionMask = 2147483647;
			files = (
				4964E4682641B006005B3268 /* LaunchScreen.storyboard in Resources */,
				497A9B1A2658085E00F09CAA /* GoogleService-Info.plist in Resources */,
				4964E4652641B006005B3268 /* Assets.xcassets in Resources */,
				4964E4632641B001005B3268 /* Main.storyboard in Resources */,
			);
			runOnlyForDeploymentPostprocessing = 0;
		};
		4964E46C2641B007005B3268 /* Resources */ = {
			isa = PBXResourcesBuildPhase;
			buildActionMask = 2147483647;
			files = (
			);
			runOnlyForDeploymentPostprocessing = 0;
		};
		4964E4772641B007005B3268 /* Resources */ = {
			isa = PBXResourcesBuildPhase;
			buildActionMask = 2147483647;
			files = (
			);
			runOnlyForDeploymentPostprocessing = 0;
		};
/* End PBXResourcesBuildPhase section */

/* Begin PBXShellScriptBuildPhase section */
		00E9F1C1D6A612041B8ED96D /* [CP] Embed Pods Frameworks */ = {
			isa = PBXShellScriptBuildPhase;
			buildActionMask = 2147483647;
			files = (
			);
			inputFileListPaths = (
				"${PODS_ROOT}/Target Support Files/Pods-NFTrack-Firebase4-NFTrack-Firebase4UITests/Pods-NFTrack-Firebase4-NFTrack-Firebase4UITests-frameworks-${CONFIGURATION}-input-files.xcfilelist",
			);
			name = "[CP] Embed Pods Frameworks";
			outputFileListPaths = (
				"${PODS_ROOT}/Target Support Files/Pods-NFTrack-Firebase4-NFTrack-Firebase4UITests/Pods-NFTrack-Firebase4-NFTrack-Firebase4UITests-frameworks-${CONFIGURATION}-output-files.xcfilelist",
			);
			runOnlyForDeploymentPostprocessing = 0;
			shellPath = /bin/sh;
			shellScript = "\"${PODS_ROOT}/Target Support Files/Pods-NFTrack-Firebase4-NFTrack-Firebase4UITests/Pods-NFTrack-Firebase4-NFTrack-Firebase4UITests-frameworks.sh\"\n";
			showEnvVarsInLog = 0;
		};
		04A37D22777BEDE772F9855A /* [CP] Check Pods Manifest.lock */ = {
			isa = PBXShellScriptBuildPhase;
			buildActionMask = 2147483647;
			files = (
			);
			inputFileListPaths = (
			);
			inputPaths = (
				"${PODS_PODFILE_DIR_PATH}/Podfile.lock",
				"${PODS_ROOT}/Manifest.lock",
			);
			name = "[CP] Check Pods Manifest.lock";
			outputFileListPaths = (
			);
			outputPaths = (
				"$(DERIVED_FILE_DIR)/Pods-NFTrack-Firebase4-NFTrack-Firebase4UITests-checkManifestLockResult.txt",
			);
			runOnlyForDeploymentPostprocessing = 0;
			shellPath = /bin/sh;
			shellScript = "diff \"${PODS_PODFILE_DIR_PATH}/Podfile.lock\" \"${PODS_ROOT}/Manifest.lock\" > /dev/null\nif [ $? != 0 ] ; then\n    # print error to STDERR\n    echo \"error: The sandbox is not in sync with the Podfile.lock. Run 'pod install' or update your CocoaPods installation.\" >&2\n    exit 1\nfi\n# This output is used by Xcode 'outputs' to avoid re-running this script phase.\necho \"SUCCESS\" > \"${SCRIPT_OUTPUT_FILE_0}\"\n";
			showEnvVarsInLog = 0;
		};
		44C90A2C7678282592592ACD /* [CP] Copy Pods Resources */ = {
			isa = PBXShellScriptBuildPhase;
			buildActionMask = 2147483647;
			files = (
			);
			inputFileListPaths = (
				"${PODS_ROOT}/Target Support Files/Pods-NFTrack-Firebase4/Pods-NFTrack-Firebase4-resources-${CONFIGURATION}-input-files.xcfilelist",
			);
			name = "[CP] Copy Pods Resources";
			outputFileListPaths = (
				"${PODS_ROOT}/Target Support Files/Pods-NFTrack-Firebase4/Pods-NFTrack-Firebase4-resources-${CONFIGURATION}-output-files.xcfilelist",
			);
			runOnlyForDeploymentPostprocessing = 0;
			shellPath = /bin/sh;
			shellScript = "\"${PODS_ROOT}/Target Support Files/Pods-NFTrack-Firebase4/Pods-NFTrack-Firebase4-resources.sh\"\n";
			showEnvVarsInLog = 0;
		};
		49893FA093585EDA93A7EB73 /* [CP] Check Pods Manifest.lock */ = {
			isa = PBXShellScriptBuildPhase;
			buildActionMask = 2147483647;
			files = (
			);
			inputFileListPaths = (
			);
			inputPaths = (
				"${PODS_PODFILE_DIR_PATH}/Podfile.lock",
				"${PODS_ROOT}/Manifest.lock",
			);
			name = "[CP] Check Pods Manifest.lock";
			outputFileListPaths = (
			);
			outputPaths = (
				"$(DERIVED_FILE_DIR)/Pods-NFTrack-Firebase4Tests-checkManifestLockResult.txt",
			);
			runOnlyForDeploymentPostprocessing = 0;
			shellPath = /bin/sh;
			shellScript = "diff \"${PODS_PODFILE_DIR_PATH}/Podfile.lock\" \"${PODS_ROOT}/Manifest.lock\" > /dev/null\nif [ $? != 0 ] ; then\n    # print error to STDERR\n    echo \"error: The sandbox is not in sync with the Podfile.lock. Run 'pod install' or update your CocoaPods installation.\" >&2\n    exit 1\nfi\n# This output is used by Xcode 'outputs' to avoid re-running this script phase.\necho \"SUCCESS\" > \"${SCRIPT_OUTPUT_FILE_0}\"\n";
			showEnvVarsInLog = 0;
		};
		61F622D4A34D32644CE6A28E /* [CP] Check Pods Manifest.lock */ = {
			isa = PBXShellScriptBuildPhase;
			buildActionMask = 2147483647;
			files = (
			);
			inputFileListPaths = (
			);
			inputPaths = (
				"${PODS_PODFILE_DIR_PATH}/Podfile.lock",
				"${PODS_ROOT}/Manifest.lock",
			);
			name = "[CP] Check Pods Manifest.lock";
			outputFileListPaths = (
			);
			outputPaths = (
				"$(DERIVED_FILE_DIR)/Pods-NFTrack-Firebase4-checkManifestLockResult.txt",
			);
			runOnlyForDeploymentPostprocessing = 0;
			shellPath = /bin/sh;
			shellScript = "diff \"${PODS_PODFILE_DIR_PATH}/Podfile.lock\" \"${PODS_ROOT}/Manifest.lock\" > /dev/null\nif [ $? != 0 ] ; then\n    # print error to STDERR\n    echo \"error: The sandbox is not in sync with the Podfile.lock. Run 'pod install' or update your CocoaPods installation.\" >&2\n    exit 1\nfi\n# This output is used by Xcode 'outputs' to avoid re-running this script phase.\necho \"SUCCESS\" > \"${SCRIPT_OUTPUT_FILE_0}\"\n";
			showEnvVarsInLog = 0;
		};
		7337F9A2B8B9CE478467A134 /* [CP] Copy Pods Resources */ = {
			isa = PBXShellScriptBuildPhase;
			buildActionMask = 2147483647;
			files = (
			);
			inputFileListPaths = (
				"${PODS_ROOT}/Target Support Files/Pods-NFTrack-Firebase4-NFTrack-Firebase4UITests/Pods-NFTrack-Firebase4-NFTrack-Firebase4UITests-resources-${CONFIGURATION}-input-files.xcfilelist",
			);
			name = "[CP] Copy Pods Resources";
			outputFileListPaths = (
				"${PODS_ROOT}/Target Support Files/Pods-NFTrack-Firebase4-NFTrack-Firebase4UITests/Pods-NFTrack-Firebase4-NFTrack-Firebase4UITests-resources-${CONFIGURATION}-output-files.xcfilelist",
			);
			runOnlyForDeploymentPostprocessing = 0;
			shellPath = /bin/sh;
			shellScript = "\"${PODS_ROOT}/Target Support Files/Pods-NFTrack-Firebase4-NFTrack-Firebase4UITests/Pods-NFTrack-Firebase4-NFTrack-Firebase4UITests-resources.sh\"\n";
			showEnvVarsInLog = 0;
		};
		C754D212D80FF5FCC4ADB0EA /* [CP] Embed Pods Frameworks */ = {
			isa = PBXShellScriptBuildPhase;
			buildActionMask = 2147483647;
			files = (
			);
			inputFileListPaths = (
				"${PODS_ROOT}/Target Support Files/Pods-NFTrack-Firebase4/Pods-NFTrack-Firebase4-frameworks-${CONFIGURATION}-input-files.xcfilelist",
			);
			name = "[CP] Embed Pods Frameworks";
			outputFileListPaths = (
				"${PODS_ROOT}/Target Support Files/Pods-NFTrack-Firebase4/Pods-NFTrack-Firebase4-frameworks-${CONFIGURATION}-output-files.xcfilelist",
			);
			runOnlyForDeploymentPostprocessing = 0;
			shellPath = /bin/sh;
			shellScript = "\"${PODS_ROOT}/Target Support Files/Pods-NFTrack-Firebase4/Pods-NFTrack-Firebase4-frameworks.sh\"\n";
			showEnvVarsInLog = 0;
		};
/* End PBXShellScriptBuildPhase section */

/* Begin PBXSourcesBuildPhase section */
		4964E4542641B001005B3268 /* Sources */ = {
			isa = PBXSourcesBuildPhase;
			buildActionMask = 2147483647;
			files = (
				493BF9DC264C515C00B9C9D2 /* TransactionService.swift in Sources */,
				4964E57226498541005B3268 /* Web3swiftService.swift in Sources */,
				4964E5902649B5CF005B3268 /* SinglePageViewController.swift in Sources */,
				496D56D0265AEDAB00C3E7FD /* ImageDataStore.swift in Sources */,
				496D56B12659654A00C3E7FD /* CategoryCell.swift in Sources */,
				496F7007265207A700E4056B /* ImagePageViewController.swift in Sources */,
				493BF9F8264C6ECF00B9C9D2 /* PresentationController.swift in Sources */,
				4964E50026445EDB005B3268 /* DetailViewController.swift in Sources */,
				4964E4C12641E12A005B3268 /* BlurEffectContainerView.swift in Sources */,
				49409A75265946870060193C /* SearchResultsViewController.swift in Sources */,
				4964E55D2649645F005B3268 /* KeyWallet+CoreDataProperties.swift in Sources */,
				496D56BB2659E72100C3E7FD /* MyPickerViewController.swift in Sources */,
				493BF9D7264C4DE100B9C9D2 /* BackgroundView2.swift in Sources */,
				4964E4ED26445AED005B3268 /* AlertsView.swift in Sources */,
				493BF9BA264AC28E00B9C9D2 /* AppDataTypes.swift in Sources */,
				49E75A03266A7C680064BB34 /* HistoryViewController.swift in Sources */,
				496F6FF3264EA3D100E4056B /* FirebaseService.swift in Sources */,
				496F6FF82651AD6300E4056B /* ListViewController.swift in Sources */,
				4964E4602641B001005B3268 /* SignInViewController.swift in Sources */,
				493BF9F3264C6B4B00B9C9D2 /* PasswordResetViewController.swift in Sources */,
				4964E45C2641B001005B3268 /* AppDelegate.swift in Sources */,
				493BF9CD264C493200B9C9D2 /* WalletButtonView.swift in Sources */,
				493BF9B5264AC18700B9C9D2 /* WalletGenerationController.swift in Sources */,
				4964E4E526436875005B3268 /* DissolveTransitionAnimator.swift in Sources */,
				4964E57C26499FBE005B3268 /* UnregisteredWalletViewController.swift in Sources */,
				4964E4D226430FBE005B3268 /* AppExtensions.swift in Sources */,
				49E759A826658DCC0064BB34 /* TransitioningDelegate.swift in Sources */,
				49409A7A265949C80060193C /* MainViewController + ResultsUpdate.swift in Sources */,
				4964E516264777BF005B3268 /* ImageCell.swift in Sources */,
				496F6FFD2651F15200E4056B /* ListCell.swift in Sources */,
				496F70022652029F00E4056B /* ListDetailViewController.swift in Sources */,
				4964E52126489564005B3268 /* BigPreviewViewController.swift in Sources */,
				493BF9FE264CDC0A00B9C9D2 /* ERC721PresetABI.swift in Sources */,
				499F994E266ADA0E00FC6CDE /* HistoryDetailViewController.swift in Sources */,
				4964E5262648AB6A005B3268 /* ZoomAnimationController.swift in Sources */,
				4964E5952649B6FA005B3268 /* PageViewController.swift in Sources */,
				49E759AD26669ACB0064BB34 /* PostParentViewController.swift in Sources */,
				497A9AEC2655A60300F09CAA /* NFTrackABI.swift in Sources */,
				49F694BE265EE46C00D00F89 /* ListDetailViewController + OptionsBar.swift in Sources */,
				4964E56D2649694A005B3268 /* CoreDataServices.swift in Sources */,
				493BF9C8264C166000B9C9D2 /* CreditCardView.swift in Sources */,
				493BF9EE264C65FA00B9C9D2 /* BackgroundView3.swift in Sources */,
				496D56C52659FF2100C3E7FD /* MainDetailViewController.swift in Sources */,
				4964E57726499D74005B3268 /* RegisteredWalletViewController.swift in Sources */,
				493BF9E4264C549D00B9C9D2 /* ScannerViewController.swift in Sources */,
				4964E4CC26430BFB005B3268 /* SignUpViewController.swift in Sources */,
				4964E45E2641B001005B3268 /* SceneDelegate.swift in Sources */,
				4964E5812649A047005B3268 /* AppProtocols.swift in Sources */,
				4964E5052644891B005B3268 /* AccountViewController.swift in Sources */,
				496D56C02659E75D00C3E7FD /* PostParentViewController + Picker.swift in Sources */,
				493BF9D2264C4D3B00B9C9D2 /* SendViewController.swift in Sources */,
				493BF9E9264C657200B9C9D2 /* ReceiveViewController.swift in Sources */,
				496D56CA265A0BD700C3E7FD /* MainDetailCell.swift in Sources */,
				496D56B62659E6F900C3E7FD /* MyDoneButtonVC.swift in Sources */,
				4964E56226496852005B3268 /* KeysService.swift in Sources */,
				49D59C762663326500107F79 /* SocketDelegate.swift in Sources */,
				49E759B82666BCCF0064BB34 /* ResellViewController.swift in Sources */,
				493BF9C0264B6CD000B9C9D2 /* BackgroundView.swift in Sources */,
				49E75A08266A7FD40064BB34 /* ListDetailViewController + History.swift in Sources */,
				4964E5342648C68A005B3268 /* WalletViewController.swift in Sources */,
				4964E53B2648C940005B3268 /* CoreDataModel.xcdatamodeld in Sources */,
				4964E5862649A745005B3268 /* CreateWalletViewController.swift in Sources */,
				499F9953266AED0E00FC6CDE /* DetailParentViewController.swift in Sources */,
				4964E58B2649A75A005B3268 /* ImportWalletViewController.swift in Sources */,
				497A9B1F2658927200F09CAA /* MainViewController.swift in Sources */,
				4964E55C2649645F005B3268 /* KeyWallet+CoreDataClass.swift in Sources */,
				499F9949266AB20700FC6CDE /* HistoryCell.swift in Sources */,
				4964E568264968A7005B3268 /* Errors.swift in Sources */,
				4964E50F264767A6005B3268 /* ImagePreviewViewController.swift in Sources */,
				4964E50A2644B07D005B3268 /* PostViewController.swift in Sources */,
				496F700C265421E300E4056B /* TxDetailViewController.swift in Sources */,
				4964E52C2648B096005B3268 /* MyPresentationController.swift in Sources */,
			);
			runOnlyForDeploymentPostprocessing = 0;
		};
		4964E46A2641B007005B3268 /* Sources */ = {
			isa = PBXSourcesBuildPhase;
			buildActionMask = 2147483647;
			files = (
				4964E4732641B007005B3268 /* NFTrack_Firebase4Tests.swift in Sources */,
			);
			runOnlyForDeploymentPostprocessing = 0;
		};
		4964E4752641B007005B3268 /* Sources */ = {
			isa = PBXSourcesBuildPhase;
			buildActionMask = 2147483647;
			files = (
				4964E47E2641B007005B3268 /* NFTrack_Firebase4UITests.swift in Sources */,
			);
			runOnlyForDeploymentPostprocessing = 0;
		};
/* End PBXSourcesBuildPhase section */

/* Begin PBXTargetDependency section */
		4964E4702641B007005B3268 /* PBXTargetDependency */ = {
			isa = PBXTargetDependency;
			target = 4964E4572641B001005B3268 /* NFTrack-Firebase4 */;
			targetProxy = 4964E46F2641B007005B3268 /* PBXContainerItemProxy */;
		};
		4964E47B2641B007005B3268 /* PBXTargetDependency */ = {
			isa = PBXTargetDependency;
			target = 4964E4572641B001005B3268 /* NFTrack-Firebase4 */;
			targetProxy = 4964E47A2641B007005B3268 /* PBXContainerItemProxy */;
		};
/* End PBXTargetDependency section */

/* Begin PBXVariantGroup section */
		4964E4612641B001005B3268 /* Main.storyboard */ = {
			isa = PBXVariantGroup;
			children = (
				4964E4622641B001005B3268 /* Base */,
			);
			name = Main.storyboard;
			sourceTree = "<group>";
		};
		4964E4662641B006005B3268 /* LaunchScreen.storyboard */ = {
			isa = PBXVariantGroup;
			children = (
				4964E4672641B006005B3268 /* Base */,
			);
			name = LaunchScreen.storyboard;
			sourceTree = "<group>";
		};
/* End PBXVariantGroup section */

/* Begin XCBuildConfiguration section */
		4964E4802641B007005B3268 /* Debug */ = {
			isa = XCBuildConfiguration;
			buildSettings = {
				ALWAYS_SEARCH_USER_PATHS = NO;
				CLANG_ANALYZER_NONNULL = YES;
				CLANG_ANALYZER_NUMBER_OBJECT_CONVERSION = YES_AGGRESSIVE;
				CLANG_CXX_LANGUAGE_STANDARD = "gnu++14";
				CLANG_CXX_LIBRARY = "libc++";
				CLANG_ENABLE_MODULES = YES;
				CLANG_ENABLE_OBJC_ARC = YES;
				CLANG_ENABLE_OBJC_WEAK = YES;
				CLANG_WARN_BLOCK_CAPTURE_AUTORELEASING = YES;
				CLANG_WARN_BOOL_CONVERSION = YES;
				CLANG_WARN_COMMA = YES;
				CLANG_WARN_CONSTANT_CONVERSION = YES;
				CLANG_WARN_DEPRECATED_OBJC_IMPLEMENTATIONS = YES;
				CLANG_WARN_DIRECT_OBJC_ISA_USAGE = YES_ERROR;
				CLANG_WARN_DOCUMENTATION_COMMENTS = YES;
				CLANG_WARN_EMPTY_BODY = YES;
				CLANG_WARN_ENUM_CONVERSION = YES;
				CLANG_WARN_INFINITE_RECURSION = YES;
				CLANG_WARN_INT_CONVERSION = YES;
				CLANG_WARN_NON_LITERAL_NULL_CONVERSION = YES;
				CLANG_WARN_OBJC_IMPLICIT_RETAIN_SELF = YES;
				CLANG_WARN_OBJC_LITERAL_CONVERSION = YES;
				CLANG_WARN_OBJC_ROOT_CLASS = YES_ERROR;
				CLANG_WARN_QUOTED_INCLUDE_IN_FRAMEWORK_HEADER = YES;
				CLANG_WARN_RANGE_LOOP_ANALYSIS = YES;
				CLANG_WARN_STRICT_PROTOTYPES = YES;
				CLANG_WARN_SUSPICIOUS_MOVE = YES;
				CLANG_WARN_UNGUARDED_AVAILABILITY = YES_AGGRESSIVE;
				CLANG_WARN_UNREACHABLE_CODE = YES;
				CLANG_WARN__DUPLICATE_METHOD_MATCH = YES;
				COPY_PHASE_STRIP = NO;
				DEBUG_INFORMATION_FORMAT = dwarf;
				ENABLE_STRICT_OBJC_MSGSEND = YES;
				ENABLE_TESTABILITY = YES;
				GCC_C_LANGUAGE_STANDARD = gnu11;
				GCC_DYNAMIC_NO_PIC = NO;
				GCC_NO_COMMON_BLOCKS = YES;
				GCC_OPTIMIZATION_LEVEL = 0;
				GCC_PREPROCESSOR_DEFINITIONS = (
					"DEBUG=1",
					"$(inherited)",
				);
				GCC_WARN_64_TO_32_BIT_CONVERSION = YES;
				GCC_WARN_ABOUT_RETURN_TYPE = YES_ERROR;
				GCC_WARN_UNDECLARED_SELECTOR = YES;
				GCC_WARN_UNINITIALIZED_AUTOS = YES_AGGRESSIVE;
				GCC_WARN_UNUSED_FUNCTION = YES;
				GCC_WARN_UNUSED_VARIABLE = YES;
				IPHONEOS_DEPLOYMENT_TARGET = 14.3;
				MTL_ENABLE_DEBUG_INFO = INCLUDE_SOURCE;
				MTL_FAST_MATH = YES;
				ONLY_ACTIVE_ARCH = YES;
				SDKROOT = iphoneos;
				SWIFT_ACTIVE_COMPILATION_CONDITIONS = DEBUG;
				SWIFT_OPTIMIZATION_LEVEL = "-Onone";
			};
			name = Debug;
		};
		4964E4812641B007005B3268 /* Release */ = {
			isa = XCBuildConfiguration;
			buildSettings = {
				ALWAYS_SEARCH_USER_PATHS = NO;
				CLANG_ANALYZER_NONNULL = YES;
				CLANG_ANALYZER_NUMBER_OBJECT_CONVERSION = YES_AGGRESSIVE;
				CLANG_CXX_LANGUAGE_STANDARD = "gnu++14";
				CLANG_CXX_LIBRARY = "libc++";
				CLANG_ENABLE_MODULES = YES;
				CLANG_ENABLE_OBJC_ARC = YES;
				CLANG_ENABLE_OBJC_WEAK = YES;
				CLANG_WARN_BLOCK_CAPTURE_AUTORELEASING = YES;
				CLANG_WARN_BOOL_CONVERSION = YES;
				CLANG_WARN_COMMA = YES;
				CLANG_WARN_CONSTANT_CONVERSION = YES;
				CLANG_WARN_DEPRECATED_OBJC_IMPLEMENTATIONS = YES;
				CLANG_WARN_DIRECT_OBJC_ISA_USAGE = YES_ERROR;
				CLANG_WARN_DOCUMENTATION_COMMENTS = YES;
				CLANG_WARN_EMPTY_BODY = YES;
				CLANG_WARN_ENUM_CONVERSION = YES;
				CLANG_WARN_INFINITE_RECURSION = YES;
				CLANG_WARN_INT_CONVERSION = YES;
				CLANG_WARN_NON_LITERAL_NULL_CONVERSION = YES;
				CLANG_WARN_OBJC_IMPLICIT_RETAIN_SELF = YES;
				CLANG_WARN_OBJC_LITERAL_CONVERSION = YES;
				CLANG_WARN_OBJC_ROOT_CLASS = YES_ERROR;
				CLANG_WARN_QUOTED_INCLUDE_IN_FRAMEWORK_HEADER = YES;
				CLANG_WARN_RANGE_LOOP_ANALYSIS = YES;
				CLANG_WARN_STRICT_PROTOTYPES = YES;
				CLANG_WARN_SUSPICIOUS_MOVE = YES;
				CLANG_WARN_UNGUARDED_AVAILABILITY = YES_AGGRESSIVE;
				CLANG_WARN_UNREACHABLE_CODE = YES;
				CLANG_WARN__DUPLICATE_METHOD_MATCH = YES;
				COPY_PHASE_STRIP = NO;
				DEBUG_INFORMATION_FORMAT = "dwarf-with-dsym";
				ENABLE_NS_ASSERTIONS = NO;
				ENABLE_STRICT_OBJC_MSGSEND = YES;
				GCC_C_LANGUAGE_STANDARD = gnu11;
				GCC_NO_COMMON_BLOCKS = YES;
				GCC_WARN_64_TO_32_BIT_CONVERSION = YES;
				GCC_WARN_ABOUT_RETURN_TYPE = YES_ERROR;
				GCC_WARN_UNDECLARED_SELECTOR = YES;
				GCC_WARN_UNINITIALIZED_AUTOS = YES_AGGRESSIVE;
				GCC_WARN_UNUSED_FUNCTION = YES;
				GCC_WARN_UNUSED_VARIABLE = YES;
				IPHONEOS_DEPLOYMENT_TARGET = 14.3;
				MTL_ENABLE_DEBUG_INFO = NO;
				MTL_FAST_MATH = YES;
				SDKROOT = iphoneos;
				SWIFT_COMPILATION_MODE = wholemodule;
				SWIFT_OPTIMIZATION_LEVEL = "-O";
				VALIDATE_PRODUCT = YES;
			};
			name = Release;
		};
		4964E4832641B007005B3268 /* Debug */ = {
			isa = XCBuildConfiguration;
			baseConfigurationReference = 5D3028929C2B2E423CDD6DAF /* Pods-NFTrack-Firebase4.debug.xcconfig */;
			buildSettings = {
				ASSETCATALOG_COMPILER_APPICON_NAME = AppIcon;
				ASSETCATALOG_COMPILER_GLOBAL_ACCENT_COLOR_NAME = AccentColor;
				CODE_SIGN_STYLE = Automatic;
				DEVELOPMENT_TEAM = 2RH2V33K5A;
				INFOPLIST_FILE = "NFTrack-Firebase4/Supporting Files/Info.plist";
				IPHONEOS_DEPLOYMENT_TARGET = 13.0;
				LD_RUNPATH_SEARCH_PATHS = (
					"$(inherited)",
					"@executable_path/Frameworks",
				);
				PRODUCT_BUNDLE_IDENTIFIER = com.ovis.NFTrack10;
				PRODUCT_NAME = "$(TARGET_NAME)";
				SWIFT_VERSION = 5.0;
				TARGETED_DEVICE_FAMILY = "1,2";
			};
			name = Debug;
		};
		4964E4842641B007005B3268 /* Release */ = {
			isa = XCBuildConfiguration;
			baseConfigurationReference = 8F838648781EAE50974735C1 /* Pods-NFTrack-Firebase4.release.xcconfig */;
			buildSettings = {
				ASSETCATALOG_COMPILER_APPICON_NAME = AppIcon;
				ASSETCATALOG_COMPILER_GLOBAL_ACCENT_COLOR_NAME = AccentColor;
				CODE_SIGN_STYLE = Automatic;
				DEVELOPMENT_TEAM = 2RH2V33K5A;
				INFOPLIST_FILE = "NFTrack-Firebase4/Supporting Files/Info.plist";
				IPHONEOS_DEPLOYMENT_TARGET = 13.0;
				LD_RUNPATH_SEARCH_PATHS = (
					"$(inherited)",
					"@executable_path/Frameworks",
				);
				PRODUCT_BUNDLE_IDENTIFIER = com.ovis.NFTrack10;
				PRODUCT_NAME = "$(TARGET_NAME)";
				SWIFT_VERSION = 5.0;
				TARGETED_DEVICE_FAMILY = "1,2";
			};
			name = Release;
		};
		4964E4862641B007005B3268 /* Debug */ = {
			isa = XCBuildConfiguration;
			baseConfigurationReference = A6B2A07F7EE782290792B249 /* Pods-NFTrack-Firebase4Tests.debug.xcconfig */;
			buildSettings = {
				ALWAYS_EMBED_SWIFT_STANDARD_LIBRARIES = YES;
				BUNDLE_LOADER = "$(TEST_HOST)";
				CODE_SIGN_STYLE = Automatic;
				DEVELOPMENT_TEAM = 2RH2V33K5A;
				INFOPLIST_FILE = "NFTrack-Firebase4Tests/Info.plist";
				IPHONEOS_DEPLOYMENT_TARGET = 14.3;
				LD_RUNPATH_SEARCH_PATHS = (
					"$(inherited)",
					"@executable_path/Frameworks",
					"@loader_path/Frameworks",
				);
				PRODUCT_BUNDLE_IDENTIFIER = "com.ovis.NFTrack-Firebase4Tests";
				PRODUCT_NAME = "$(TARGET_NAME)";
				SWIFT_VERSION = 5.0;
				TARGETED_DEVICE_FAMILY = "1,2";
				TEST_HOST = "$(BUILT_PRODUCTS_DIR)/NFTrack-Firebase4.app/NFTrack-Firebase4";
			};
			name = Debug;
		};
		4964E4872641B007005B3268 /* Release */ = {
			isa = XCBuildConfiguration;
			baseConfigurationReference = 5C42156D98AD4812550FF489 /* Pods-NFTrack-Firebase4Tests.release.xcconfig */;
			buildSettings = {
				ALWAYS_EMBED_SWIFT_STANDARD_LIBRARIES = YES;
				BUNDLE_LOADER = "$(TEST_HOST)";
				CODE_SIGN_STYLE = Automatic;
				DEVELOPMENT_TEAM = 2RH2V33K5A;
				INFOPLIST_FILE = "NFTrack-Firebase4Tests/Info.plist";
				IPHONEOS_DEPLOYMENT_TARGET = 14.3;
				LD_RUNPATH_SEARCH_PATHS = (
					"$(inherited)",
					"@executable_path/Frameworks",
					"@loader_path/Frameworks",
				);
				PRODUCT_BUNDLE_IDENTIFIER = "com.ovis.NFTrack-Firebase4Tests";
				PRODUCT_NAME = "$(TARGET_NAME)";
				SWIFT_VERSION = 5.0;
				TARGETED_DEVICE_FAMILY = "1,2";
				TEST_HOST = "$(BUILT_PRODUCTS_DIR)/NFTrack-Firebase4.app/NFTrack-Firebase4";
			};
			name = Release;
		};
		4964E4892641B007005B3268 /* Debug */ = {
			isa = XCBuildConfiguration;
			baseConfigurationReference = 185327341381F410AFB911BC /* Pods-NFTrack-Firebase4-NFTrack-Firebase4UITests.debug.xcconfig */;
			buildSettings = {
				ALWAYS_EMBED_SWIFT_STANDARD_LIBRARIES = YES;
				CODE_SIGN_STYLE = Automatic;
				DEVELOPMENT_TEAM = 2RH2V33K5A;
				INFOPLIST_FILE = "NFTrack-Firebase4UITests/Info.plist";
				LD_RUNPATH_SEARCH_PATHS = (
					"$(inherited)",
					"@executable_path/Frameworks",
					"@loader_path/Frameworks",
				);
				PRODUCT_BUNDLE_IDENTIFIER = "com.ovis.NFTrack-Firebase4UITests";
				PRODUCT_NAME = "$(TARGET_NAME)";
				SWIFT_VERSION = 5.0;
				TARGETED_DEVICE_FAMILY = "1,2";
				TEST_TARGET_NAME = "NFTrack-Firebase4";
			};
			name = Debug;
		};
		4964E48A2641B007005B3268 /* Release */ = {
			isa = XCBuildConfiguration;
			baseConfigurationReference = 69497F4D2E3074B9F7D67603 /* Pods-NFTrack-Firebase4-NFTrack-Firebase4UITests.release.xcconfig */;
			buildSettings = {
				ALWAYS_EMBED_SWIFT_STANDARD_LIBRARIES = YES;
				CODE_SIGN_STYLE = Automatic;
				DEVELOPMENT_TEAM = 2RH2V33K5A;
				INFOPLIST_FILE = "NFTrack-Firebase4UITests/Info.plist";
				LD_RUNPATH_SEARCH_PATHS = (
					"$(inherited)",
					"@executable_path/Frameworks",
					"@loader_path/Frameworks",
				);
				PRODUCT_BUNDLE_IDENTIFIER = "com.ovis.NFTrack-Firebase4UITests";
				PRODUCT_NAME = "$(TARGET_NAME)";
				SWIFT_VERSION = 5.0;
				TARGETED_DEVICE_FAMILY = "1,2";
				TEST_TARGET_NAME = "NFTrack-Firebase4";
			};
			name = Release;
		};
/* End XCBuildConfiguration section */

/* Begin XCConfigurationList section */
		4964E4532641B001005B3268 /* Build configuration list for PBXProject "NFTrack-Firebase4" */ = {
			isa = XCConfigurationList;
			buildConfigurations = (
				4964E4802641B007005B3268 /* Debug */,
				4964E4812641B007005B3268 /* Release */,
			);
			defaultConfigurationIsVisible = 0;
			defaultConfigurationName = Release;
		};
		4964E4822641B007005B3268 /* Build configuration list for PBXNativeTarget "NFTrack-Firebase4" */ = {
			isa = XCConfigurationList;
			buildConfigurations = (
				4964E4832641B007005B3268 /* Debug */,
				4964E4842641B007005B3268 /* Release */,
			);
			defaultConfigurationIsVisible = 0;
			defaultConfigurationName = Release;
		};
		4964E4852641B007005B3268 /* Build configuration list for PBXNativeTarget "NFTrack-Firebase4Tests" */ = {
			isa = XCConfigurationList;
			buildConfigurations = (
				4964E4862641B007005B3268 /* Debug */,
				4964E4872641B007005B3268 /* Release */,
			);
			defaultConfigurationIsVisible = 0;
			defaultConfigurationName = Release;
		};
		4964E4882641B007005B3268 /* Build configuration list for PBXNativeTarget "NFTrack-Firebase4UITests" */ = {
			isa = XCConfigurationList;
			buildConfigurations = (
				4964E4892641B007005B3268 /* Debug */,
				4964E48A2641B007005B3268 /* Release */,
			);
			defaultConfigurationIsVisible = 0;
			defaultConfigurationName = Release;
		};
/* End XCConfigurationList section */

/* Begin XCVersionGroup section */
		4964E5392648C93F005B3268 /* CoreDataModel.xcdatamodeld */ = {
			isa = XCVersionGroup;
			children = (
				4964E53A2648C940005B3268 /* CoreDataModel.xcdatamodel */,
			);
			currentVersion = 4964E53A2648C940005B3268 /* CoreDataModel.xcdatamodel */;
			path = CoreDataModel.xcdatamodeld;
			sourceTree = "<group>";
			versionGroupType = wrapper.xcdatamodel;
		};
/* End XCVersionGroup section */
	};
	rootObject = 4964E4502641B001005B3268 /* Project object */;
}
